
Microsoft Visual Studio Solution File, Format Version 12.00
# Visual Studio Version 17
VisualStudioVersion = 17.10.34916.146
MinimumVisualStudioVersion = 10.0.40219.1
Project("{FAE04EC0-301F-11D3-BF4B-00C04F79EFBC}") = "NITHmouseController", "NITHmouseController.csproj", "{EDC7D374-6C48-4289-B78C-AD0332E1A391}"
EndProject
Project("{9A19103F-16F7-4668-BE54-9A1E7A4F7556}") = "NITHlibrary", "..\NITHlibrary\NITHlibrary.csproj", "{BBA9C80E-0E61-47CD-AB57-317ECE52DC9B}"
EndProject
Project("{FAE04EC0-301F-11D3-BF4B-00C04F79EFBC}") = "NITHemulation", "..\NITHemulation\NITHemulation.csproj", "{C152F764-4600-4A0B-8C79-58E4CE8AD44C}"
EndProject
Global
	GlobalSection(SolutionConfigurationPlatforms) = preSolution
		Debug|Any CPU = Debug|Any CPU
		Release|Any CPU = Release|Any CPU
	EndGlobalSection
	GlobalSection(ProjectConfigurationPlatforms) = postSolution
		{EDC7D374-6C48-4289-B78C-AD0332E1A391}.Debug|Any CPU.ActiveCfg = Debug|Any CPU
		{EDC7D374-6C48-4289-B78C-AD0332E1A391}.Debug|Any CPU.Build.0 = Debug|Any CPU
		{EDC7D374-6C48-4289-B78C-AD0332E1A391}.Release|Any CPU.ActiveCfg = Release|Any CPU
		{EDC7D374-6C48-4289-B78C-AD0332E1A391}.Release|Any CPU.Build.0 = Release|Any CPU
		{BBA9C80E-0E61-47CD-AB57-317ECE52DC9B}.Debug|Any CPU.ActiveCfg = Debug|Any CPU
		{BBA9C80E-0E61-47CD-AB57-317ECE52DC9B}.Debug|Any CPU.Build.0 = Debug|Any CPU
		{BBA9C80E-0E61-47CD-AB57-317ECE52DC9B}.Release|Any CPU.ActiveCfg = Release|Any CPU
		{BBA9C80E-0E61-47CD-AB57-317ECE52DC9B}.Release|Any CPU.Build.0 = Release|Any CPU
		{C152F764-4600-4A0B-8C79-58E4CE8AD44C}.Debug|Any CPU.ActiveCfg = Debug|Any CPU
		{C152F764-4600-4A0B-8C79-58E4CE8AD44C}.Debug|Any CPU.Build.0 = Debug|Any CPU
		{C152F764-4600-4A0B-8C79-58E4CE8AD44C}.Release|Any CPU.ActiveCfg = Release|Any CPU
		{C152F764-4600-4A0B-8C79-58E4CE8AD44C}.Release|Any CPU.Build.0 = Release|Any CPU
	EndGlobalSection
	GlobalSection(SolutionProperties) = preSolution
		HideSolutionNode = FALSE
	EndGlobalSection
	GlobalSection(ExtensibilityGlobals) = postSolution
		SolutionGuid = {11B4BB39-A561-407F-A5ED-D86AF836A2CD}
	EndGlobalSection
EndGlobal
